
Microsoft Visual Studio Solution File, Format Version 12.00
# Visual Studio Version 16
VisualStudioVersion = 16.0.30104.148
MinimumVisualStudioVersion = 10.0.40219.1
Project("{FAE04EC0-301F-11D3-BF4B-00C04F79EFBC}") = "BambistoreXamarin.UWP", "BambistoreXamarin\BambistoreXamarin.UWP\BambistoreXamarin.UWP.csproj", "{C1A932F9-8475-43D4-B52C-3A20D891EBE2}"
EndProject
Project("{FAE04EC0-301F-11D3-BF4B-00C04F79EFBC}") = "BambistoreXamarin.Android", "BambistoreXamarin\BambistoreXamarin.Android\BambistoreXamarin.Android.csproj", "{4D6097E4-8977-4A3F-AED4-96AB654962EA}"
EndProject
Project("{FAE04EC0-301F-11D3-BF4B-00C04F79EFBC}") = "BambistoreXamarin.iOS", "BambistoreXamarin\BambistoreXamarin.iOS\BambistoreXamarin.iOS.csproj", "{AE250545-39A6-48B0-B4DD-305640569EA2}"
EndProject
Project("{FAE04EC0-301F-11D3-BF4B-00C04F79EFBC}") = "BambistoreXamarin", "BambistoreXamarin\BambistoreXamarin\BambistoreXamarin.csproj", "{24431B3F-CDD5-477C-8616-6928470E6213}"
EndProject
Global
	GlobalSection(SolutionConfigurationPlatforms) = preSolution
		Debug|Any CPU = Debug|Any CPU
		Debug|ARM = Debug|ARM
		Debug|iPhone = Debug|iPhone
		Debug|iPhoneSimulator = Debug|iPhoneSimulator
		Debug|x64 = Debug|x64
		Debug|x86 = Debug|x86
		Release|Any CPU = Release|Any CPU
		Release|ARM = Release|ARM
		Release|iPhone = Release|iPhone
		Release|iPhoneSimulator = Release|iPhoneSimulator
		Release|x64 = Release|x64
		Release|x86 = Release|x86
	EndGlobalSection
	GlobalSection(ProjectConfigurationPlatforms) = postSolution
		{C1A932F9-8475-43D4-B52C-3A20D891EBE2}.Debug|Any CPU.ActiveCfg = Debug|x86
		{C1A932F9-8475-43D4-B52C-3A20D891EBE2}.Debug|Any CPU.Build.0 = Debug|x86
		{C1A932F9-8475-43D4-B52C-3A20D891EBE2}.Debug|Any CPU.Deploy.0 = Debug|x86
		{C1A932F9-8475-43D4-B52C-3A20D891EBE2}.Debug|ARM.ActiveCfg = Debug|ARM
		{C1A932F9-8475-43D4-B52C-3A20D891EBE2}.Debug|ARM.Build.0 = Debug|ARM
		{C1A932F9-8475-43D4-B52C-3A20D891EBE2}.Debug|ARM.Deploy.0 = Debug|ARM
		{C1A932F9-8475-43D4-B52C-3A20D891EBE2}.Debug|iPhone.ActiveCfg = Debug|x86
		{C1A932F9-8475-43D4-B52C-3A20D891EBE2}.Debug|iPhone.Build.0 = Debug|x86
		{C1A932F9-8475-43D4-B52C-3A20D891EBE2}.Debug|iPhone.Deploy.0 = Debug|x86
		{C1A932F9-8475-43D4-B52C-3A20D891EBE2}.Debug|iPhoneSimulator.ActiveCfg = Debug|x86
		{C1A932F9-8475-43D4-B52C-3A20D891EBE2}.Debug|iPhoneSimulator.Build.0 = Debug|x86
		{C1A932F9-8475-43D4-B52C-3A20D891EBE2}.Debug|iPhoneSimulator.Deploy.0 = Debug|x86
		{C1A932F9-8475-43D4-B52C-3A20D891EBE2}.Debug|x64.ActiveCfg = Debug|x64
		{C1A932F9-8475-43D4-B52C-3A20D891EBE2}.Debug|x64.Build.0 = Debug|x64
		{C1A932F9-8475-43D4-B52C-3A20D891EBE2}.Debug|x64.Deploy.0 = Debug|x64
		{C1A932F9-8475-43D4-B52C-3A20D891EBE2}.Debug|x86.ActiveCfg = Debug|x86
		{C1A932F9-8475-43D4-B52C-3A20D891EBE2}.Debug|x86.Build.0 = Debug|x86
		{C1A932F9-8475-43D4-B52C-3A20D891EBE2}.Debug|x86.Deploy.0 = Debug|x86
		{C1A932F9-8475-43D4-B52C-3A20D891EBE2}.Release|Any CPU.ActiveCfg = Release|x86
		{C1A932F9-8475-43D4-B52C-3A20D891EBE2}.Release|Any CPU.Build.0 = Release|x86
		{C1A932F9-8475-43D4-B52C-3A20D891EBE2}.Release|Any CPU.Deploy.0 = Release|x86
		{C1A932F9-8475-43D4-B52C-3A20D891EBE2}.Release|ARM.ActiveCfg = Release|ARM
		{C1A932F9-8475-43D4-B52C-3A20D891EBE2}.Release|ARM.Build.0 = Release|ARM
		{C1A932F9-8475-43D4-B52C-3A20D891EBE2}.Release|ARM.Deploy.0 = Release|ARM
		{C1A932F9-8475-43D4-B52C-3A20D891EBE2}.Release|iPhone.ActiveCfg = Release|x86
		{C1A932F9-8475-43D4-B52C-3A20D891EBE2}.Release|iPhone.Build.0 = Release|x86
		{C1A932F9-8475-43D4-B52C-3A20D891EBE2}.Release|iPhone.Deploy.0 = Release|x86
		{C1A932F9-8475-43D4-B52C-3A20D891EBE2}.Release|iPhoneSimulator.ActiveCfg = Release|x86
		{C1A932F9-8475-43D4-B52C-3A20D891EBE2}.Release|iPhoneSimulator.Build.0 = Release|x86
		{C1A932F9-8475-43D4-B52C-3A20D891EBE2}.Release|iPhoneSimulator.Deploy.0 = Release|x86
		{C1A932F9-8475-43D4-B52C-3A20D891EBE2}.Release|x64.ActiveCfg = Release|x64
		{C1A932F9-8475-43D4-B52C-3A20D891EBE2}.Release|x64.Build.0 = Release|x64
		{C1A932F9-8475-43D4-B52C-3A20D891EBE2}.Release|x64.Deploy.0 = Release|x64
		{C1A932F9-8475-43D4-B52C-3A20D891EBE2}.Release|x86.ActiveCfg = Release|x86
		{C1A932F9-8475-43D4-B52C-3A20D891EBE2}.Release|x86.Build.0 = Release|x86
		{C1A932F9-8475-43D4-B52C-3A20D891EBE2}.Release|x86.Deploy.0 = Release|x86
		{4D6097E4-8977-4A3F-AED4-96AB654962EA}.Debug|Any CPU.ActiveCfg = Debug|Any CPU
		{4D6097E4-8977-4A3F-AED4-96AB654962EA}.Debug|Any CPU.Build.0 = Debug|Any CPU
		{4D6097E4-8977-4A3F-AED4-96AB654962EA}.Debug|Any CPU.Deploy.0 = Debug|Any CPU
		{4D6097E4-8977-4A3F-AED4-96AB654962EA}.Debug|ARM.ActiveCfg = Debug|Any CPU
		{4D6097E4-8977-4A3F-AED4-96AB654962EA}.Debug|ARM.Build.0 = Debug|Any CPU
		{4D6097E4-8977-4A3F-AED4-96AB654962EA}.Debug|ARM.Deploy.0 = Debug|Any CPU
		{4D6097E4-8977-4A3F-AED4-96AB654962EA}.Debug|iPhone.ActiveCfg = Debug|Any CPU
		{4D6097E4-8977-4A3F-AED4-96AB654962EA}.Debug|iPhone.Build.0 = Debug|Any CPU
		{4D6097E4-8977-4A3F-AED4-96AB654962EA}.Debug|iPhone.Deploy.0 = Debug|Any CPU
		{4D6097E4-8977-4A3F-AED4-96AB654962EA}.Debug|iPhoneSimulator.ActiveCfg = Debug|Any CPU
		{4D6097E4-8977-4A3F-AED4-96AB654962EA}.Debug|iPhoneSimulator.Build.0 = Debug|Any CPU
		{4D6097E4-8977-4A3F-AED4-96AB654962EA}.Debug|iPhoneSimulator.Deploy.0 = Debug|Any CPU
		{4D6097E4-8977-4A3F-AED4-96AB654962EA}.Debug|x64.ActiveCfg = Debug|Any CPU
		{4D6097E4-8977-4A3F-AED4-96AB654962EA}.Debug|x64.Build.0 = Debug|Any CPU
		{4D6097E4-8977-4A3F-AED4-96AB654962EA}.Debug|x64.Deploy.0 = Debug|Any CPU
		{4D6097E4-8977-4A3F-AED4-96AB654962EA}.Debug|x86.ActiveCfg = Debug|Any CPU
		{4D6097E4-8977-4A3F-AED4-96AB654962EA}.Debug|x86.Build.0 = Debug|Any CPU
		{4D6097E4-8977-4A3F-AED4-96AB654962EA}.Debug|x86.Deploy.0 = Debug|Any CPU
		{4D6097E4-8977-4A3F-AED4-96AB654962EA}.Release|Any CPU.ActiveCfg = Release|Any CPU
		{4D6097E4-8977-4A3F-AED4-96AB654962EA}.Release|Any CPU.Build.0 = Release|Any CPU
		{4D6097E4-8977-4A3F-AED4-96AB654962EA}.Release|Any CPU.Deploy.0 = Release|Any CPU
		{4D6097E4-8977-4A3F-AED4-96AB654962EA}.Release|ARM.ActiveCfg = Release|Any CPU
		{4D6097E4-8977-4A3F-AED4-96AB654962EA}.Release|ARM.Build.0 = Release|Any CPU
		{4D6097E4-8977-4A3F-AED4-96AB654962EA}.Release|ARM.Deploy.0 = Release|Any CPU
		{4D6097E4-8977-4A3F-AED4-96AB654962EA}.Release|iPhone.ActiveCfg = Release|Any CPU
		{4D6097E4-8977-4A3F-AED4-96AB654962EA}.Release|iPhone.Build.0 = Release|Any CPU
		{4D6097E4-8977-4A3F-AED4-96AB654962EA}.Release|iPhone.Deploy.0 = Release|Any CPU
		{4D6097E4-8977-4A3F-AED4-96AB654962EA}.Release|iPhoneSimulator.ActiveCfg = Release|Any CPU
		{4D6097E4-8977-4A3F-AED4-96AB654962EA}.Release|iPhoneSimulator.Build.0 = Release|Any CPU
		{4D6097E4-8977-4A3F-AED4-96AB654962EA}.Release|iPhoneSimulator.Deploy.0 = Release|Any CPU
		{4D6097E4-8977-4A3F-AED4-96AB654962EA}.Release|x64.ActiveCfg = Release|Any CPU
		{4D6097E4-8977-4A3F-AED4-96AB654962EA}.Release|x64.Build.0 = Release|Any CPU
		{4D6097E4-8977-4A3F-AED4-96AB654962EA}.Release|x64.Deploy.0 = Release|Any CPU
		{4D6097E4-8977-4A3F-AED4-96AB654962EA}.Release|x86.ActiveCfg = Release|Any CPU
		{4D6097E4-8977-4A3F-AED4-96AB654962EA}.Release|x86.Build.0 = Release|Any CPU
		{4D6097E4-8977-4A3F-AED4-96AB654962EA}.Release|x86.Deploy.0 = Release|Any CPU
		{AE250545-39A6-48B0-B4DD-305640569EA2}.Debug|Any CPU.ActiveCfg = Debug|iPhone
		{AE250545-39A6-48B0-B4DD-305640569EA2}.Debug|Any CPU.Build.0 = Debug|iPhone
		{AE250545-39A6-48B0-B4DD-305640569EA2}.Debug|Any CPU.Deploy.0 = Debug|iPhone
		{AE250545-39A6-48B0-B4DD-305640569EA2}.Debug|ARM.ActiveCfg = Debug|iPhone
		{AE250545-39A6-48B0-B4DD-305640569EA2}.Debug|ARM.Build.0 = Debug|iPhone
		{AE250545-39A6-48B0-B4DD-305640569EA2}.Debug|ARM.Deploy.0 = Debug|iPhone
		{AE250545-39A6-48B0-B4DD-305640569EA2}.Debug|iPhone.ActiveCfg = Debug|iPhone
		{AE250545-39A6-48B0-B4DD-305640569EA2}.Debug|iPhone.Build.0 = Debug|iPhone
		{AE250545-39A6-48B0-B4DD-305640569EA2}.Debug|iPhone.Deploy.0 = Debug|iPhone
		{AE250545-39A6-48B0-B4DD-305640569EA2}.Debug|iPhoneSimulator.ActiveCfg = Debug|iPhoneSimulator
		{AE250545-39A6-48B0-B4DD-305640569EA2}.Debug|iPhoneSimulator.Build.0 = Debug|iPhoneSimulator
		{AE250545-39A6-48B0-B4DD-305640569EA2}.Debug|iPhoneSimulator.Deploy.0 = Debug|iPhoneSimulator
		{AE250545-39A6-48B0-B4DD-305640569EA2}.Debug|x64.ActiveCfg = Debug|iPhone
		{AE250545-39A6-48B0-B4DD-305640569EA2}.Debug|x64.Build.0 = Debug|iPhone
		{AE250545-39A6-48B0-B4DD-305640569EA2}.Debug|x64.Deploy.0 = Debug|iPhone
		{AE250545-39A6-48B0-B4DD-305640569EA2}.Debug|x86.ActiveCfg = Debug|iPhone
		{AE250545-39A6-48B0-B4DD-305640569EA2}.Debug|x86.Build.0 = Debug|iPhone
		{AE250545-39A6-48B0-B4DD-305640569EA2}.Debug|x86.Deploy.0 = Debug|iPhone
		{AE250545-39A6-48B0-B4DD-305640569EA2}.Release|Any CPU.ActiveCfg = Release|iPhone
		{AE250545-39A6-48B0-B4DD-305640569EA2}.Release|Any CPU.Build.0 = Release|iPhone
		{AE250545-39A6-48B0-B4DD-305640569EA2}.Release|Any CPU.Deploy.0 = Release|iPhone
		{AE250545-39A6-48B0-B4DD-305640569EA2}.Release|ARM.ActiveCfg = Release|iPhone
		{AE250545-39A6-48B0-B4DD-305640569EA2}.Release|ARM.Build.0 = Release|iPhone
		{AE250545-39A6-48B0-B4DD-305640569EA2}.Release|ARM.Deploy.0 = Release|iPhone
		{AE250545-39A6-48B0-B4DD-305640569EA2}.Release|iPhone.ActiveCfg = Release|iPhone
		{AE250545-39A6-48B0-B4DD-305640569EA2}.Release|iPhone.Build.0 = Release|iPhone
		{AE250545-39A6-48B0-B4DD-305640569EA2}.Release|iPhone.Deploy.0 = Release|iPhone
		{AE250545-39A6-48B0-B4DD-305640569EA2}.Release|iPhoneSimulator.ActiveCfg = Release|iPhoneSimulator
		{AE250545-39A6-48B0-B4DD-305640569EA2}.Release|iPhoneSimulator.Build.0 = Release|iPhoneSimulator
		{AE250545-39A6-48B0-B4DD-305640569EA2}.Release|iPhoneSimulator.Deploy.0 = Release|iPhoneSimulator
		{AE250545-39A6-48B0-B4DD-305640569EA2}.Release|x64.ActiveCfg = Release|iPhone
		{AE250545-39A6-48B0-B4DD-305640569EA2}.Release|x64.Build.0 = Release|iPhone
		{AE250545-39A6-48B0-B4DD-305640569EA2}.Release|x64.Deploy.0 = Release|iPhone
		{AE250545-39A6-48B0-B4DD-305640569EA2}.Release|x86.ActiveCfg = Release|iPhone
		{AE250545-39A6-48B0-B4DD-305640569EA2}.Release|x86.Build.0 = Release|iPhone
		{AE250545-39A6-48B0-B4DD-305640569EA2}.Release|x86.Deploy.0 = Release|iPhone
		{24431B3F-CDD5-477C-8616-6928470E6213}.Debug|Any CPU.ActiveCfg = Debug|Any CPU
		{24431B3F-CDD5-477C-8616-6928470E6213}.Debug|Any CPU.Build.0 = Debug|Any CPU
		{24431B3F-CDD5-477C-8616-6928470E6213}.Debug|Any CPU.Deploy.0 = Debug|Any CPU
		{24431B3F-CDD5-477C-8616-6928470E6213}.Debug|ARM.ActiveCfg = Debug|Any CPU
		{24431B3F-CDD5-477C-8616-6928470E6213}.Debug|ARM.Build.0 = Debug|Any CPU
		{24431B3F-CDD5-477C-8616-6928470E6213}.Debug|ARM.Deploy.0 = Debug|Any CPU
		{24431B3F-CDD5-477C-8616-6928470E6213}.Debug|iPhone.ActiveCfg = Debug|Any CPU
		{24431B3F-CDD5-477C-8616-6928470E6213}.Debug|iPhone.Build.0 = Debug|Any CPU
		{24431B3F-CDD5-477C-8616-6928470E6213}.Debug|iPhone.Deploy.0 = Debug|Any CPU
		{24431B3F-CDD5-477C-8616-6928470E6213}.Debug|iPhoneSimulator.ActiveCfg = Debug|Any CPU
		{24431B3F-CDD5-477C-8616-6928470E6213}.Debug|iPhoneSimulator.Build.0 = Debug|Any CPU
		{24431B3F-CDD5-477C-8616-6928470E6213}.Debug|iPhoneSimulator.Deploy.0 = Debug|Any CPU
		{24431B3F-CDD5-477C-8616-6928470E6213}.Debug|x64.ActiveCfg = Debug|Any CPU
		{24431B3F-CDD5-477C-8616-6928470E6213}.Debug|x64.Build.0 = Debug|Any CPU
		{24431B3F-CDD5-477C-8616-6928470E6213}.Debug|x64.Deploy.0 = Debug|Any CPU
		{24431B3F-CDD5-477C-8616-6928470E6213}.Debug|x86.ActiveCfg = Debug|Any CPU
		{24431B3F-CDD5-477C-8616-6928470E6213}.Debug|x86.Build.0 = Debug|Any CPU
		{24431B3F-CDD5-477C-8616-6928470E6213}.Debug|x86.Deploy.0 = Debug|Any CPU
		{24431B3F-CDD5-477C-8616-6928470E6213}.Release|Any CPU.ActiveCfg = Release|Any CPU
		{24431B3F-CDD5-477C-8616-6928470E6213}.Release|Any CPU.Build.0 = Release|Any CPU
		{24431B3F-CDD5-477C-8616-6928470E6213}.Release|Any CPU.Deploy.0 = Release|Any CPU
		{24431B3F-CDD5-477C-8616-6928470E6213}.Release|ARM.ActiveCfg = Release|Any CPU
		{24431B3F-CDD5-477C-8616-6928470E6213}.Release|ARM.Build.0 = Release|Any CPU
		{24431B3F-CDD5-477C-8616-6928470E6213}.Release|ARM.Deploy.0 = Release|Any CPU
		{24431B3F-CDD5-477C-8616-6928470E6213}.Release|iPhone.ActiveCfg = Release|Any CPU
		{24431B3F-CDD5-477C-8616-6928470E6213}.Release|iPhone.Build.0 = Release|Any CPU
		{24431B3F-CDD5-477C-8616-6928470E6213}.Release|iPhone.Deploy.0 = Release|Any CPU
		{24431B3F-CDD5-477C-8616-6928470E6213}.Release|iPhoneSimulator.ActiveCfg = Release|Any CPU
		{24431B3F-CDD5-477C-8616-6928470E6213}.Release|iPhoneSimulator.Build.0 = Release|Any CPU
		{24431B3F-CDD5-477C-8616-6928470E6213}.Release|iPhoneSimulator.Deploy.0 = Release|Any CPU
		{24431B3F-CDD5-477C-8616-6928470E6213}.Release|x64.ActiveCfg = Release|Any CPU
		{24431B3F-CDD5-477C-8616-6928470E6213}.Release|x64.Build.0 = Release|Any CPU
		{24431B3F-CDD5-477C-8616-6928470E6213}.Release|x64.Deploy.0 = Release|Any CPU
		{24431B3F-CDD5-477C-8616-6928470E6213}.Release|x86.ActiveCfg = Release|Any CPU
		{24431B3F-CDD5-477C-8616-6928470E6213}.Release|x86.Build.0 = Release|Any CPU
		{24431B3F-CDD5-477C-8616-6928470E6213}.Release|x86.Deploy.0 = Release|Any CPU
	EndGlobalSection
	GlobalSection(SolutionProperties) = preSolution
		HideSolutionNode = FALSE
	EndGlobalSection
	GlobalSection(ExtensibilityGlobals) = postSolution
		SolutionGuid = {2D915646-CEA1-4FDD-8896-B0F938A70D7C}
	EndGlobalSection
EndGlobal
